
Microsoft Visual Studio Solution File, Format Version 12.00
# Visual Studio Version 17
VisualStudioVersion = 17.13.35931.197
MinimumVisualStudioVersion = 10.0.40219.1
Project("{FAE04EC0-301F-11D3-BF4B-00C04F79EFBC}") = "TCPChatSIngle", "TCPChatSIngle.csproj", "{2B7C7204-677F-4C86-9EA4-A682A242C537}"
EndProject
Global
	GlobalSection(SolutionConfigurationPlatforms) = preSolution
		Debug|Any CPU = Debug|Any CPU
		Release|Any CPU = Release|Any CPU
	EndGlobalSection
	GlobalSection(ProjectConfigurationPlatforms) = postSolution
		{2B7C7204-677F-4C86-9EA4-A682A242C537}.Debug|Any CPU.ActiveCfg = Debug|Any CPU
		{2B7C7204-677F-4C86-9EA4-A682A242C537}.Debug|Any CPU.Build.0 = Debug|Any CPU
		{2B7C7204-677F-4C86-9EA4-A682A242C537}.Release|Any CPU.ActiveCfg = Release|Any CPU
		{2B7C7204-677F-4C86-9EA4-A682A242C537}.Release|Any CPU.Build.0 = Release|Any CPU
	EndGlobalSection
	GlobalSection(SolutionProperties) = preSolution
		HideSolutionNode = FALSE
	EndGlobalSection
	GlobalSection(ExtensibilityGlobals) = postSolution
		SolutionGuid = {6D03B84D-26FC-4C57-8CDB-1D5AE9CE1FE2}
	EndGlobalSection
EndGlobal
